
Microsoft Visual Studio Solution File, Format Version 12.00
# Visual Studio 15
VisualStudioVersion = 15.0.28307.421
MinimumVisualStudioVersion = 10.0.40219.1
Project("{9A19103F-16F7-4668-BE54-9A1E7A4F7556}") = "SQLLite", "UsingSQLLite\SQLLite.csproj", "{78240ECF-6C4E-4779-A83A-E9BF52018C03}"
EndProject
Global
	GlobalSection(SolutionConfigurationPlatforms) = preSolution
		Debug|Any CPU = Debug|Any CPU
		Release|Any CPU = Release|Any CPU
	EndGlobalSection
	GlobalSection(ProjectConfigurationPlatforms) = postSolution
		{78240ECF-6C4E-4779-A83A-E9BF52018C03}.Debug|Any CPU.ActiveCfg = Debug|Any CPU
		{78240ECF-6C4E-4779-A83A-E9BF52018C03}.Debug|Any CPU.Build.0 = Debug|Any CPU
		{78240ECF-6C4E-4779-A83A-E9BF52018C03}.Release|Any CPU.ActiveCfg = Release|Any CPU
		{78240ECF-6C4E-4779-A83A-E9BF52018C03}.Release|Any CPU.Build.0 = Release|Any CPU
	EndGlobalSection
	GlobalSection(SolutionProperties) = preSolution
		HideSolutionNode = FALSE
	EndGlobalSection
	GlobalSection(ExtensibilityGlobals) = postSolution
		SolutionGuid = {B45E4806-89AD-4318-8E68-B4C8D61D2A1D}
	EndGlobalSection
EndGlobal
